
Microsoft Visual Studio Solution File, Format Version 12.00
# Visual Studio Version 17
VisualStudioVersion = 17.9.34616.47
MinimumVisualStudioVersion = 10.0.40219.1
Project("{2150E333-8FDC-42A3-9474-1A3956D46DE8}") = "Frontend", "Frontend", "{3A86B070-7D95-4887-B746-3EAAF737560C}"
EndProject
Project("{2150E333-8FDC-42A3-9474-1A3956D46DE8}") = "Gateway", "Gateway", "{7F9AB048-63AB-4773-99B2-35D315D60B5E}"
EndProject
Project("{2150E333-8FDC-42A3-9474-1A3956D46DE8}") = "Integration", "Integration", "{DCDB7F8D-D683-400E-9164-79890AE87AD3}"
EndProject
Project("{2150E333-8FDC-42A3-9474-1A3956D46DE8}") = "Services", "Services", "{5FD86B09-3B1F-45DC-9903-E58C00FB8806}"
EndProject
Project("{9A19103F-16F7-4668-BE54-9A1E7A4F7556}") = "Mango.Services.CouponAPI", "Mango.Services.CouponAPI\Mango.Services.CouponAPI.csproj", "{1E560154-396E-470C-A9C7-F4FEF4DEAC43}"
EndProject
Project("{9A19103F-16F7-4668-BE54-9A1E7A4F7556}") = "Mango.Web", "Mango.Web\Mango.Web.csproj", "{39E54AA6-76A1-40F9-92C7-25FEF8143079}"
EndProject
Project("{9A19103F-16F7-4668-BE54-9A1E7A4F7556}") = "Mango.Services.AuthAPI", "Mango.Services.AuthAPI\Mango.Services.AuthAPI.csproj", "{FDF6AD07-9B30-4B27-9133-65C5F1D2ACCF}"
EndProject
Project("{9A19103F-16F7-4668-BE54-9A1E7A4F7556}") = "Mango.Services.ProductAPI", "Mango.Services.ProductAPI\Mango.Services.ProductAPI.csproj", "{F7CE0610-EF49-4D84-92BD-37FF144C631A}"
EndProject
Project("{FAE04EC0-301F-11D3-BF4B-00C04F79EFBC}") = "Mango.Services.ShoppingCartAPI", "Mango.Services.ShoppingCartAPI\Mango.Services.ShoppingCartAPI.csproj", "{4CBE9E75-D6EE-4EB2-B405-C0636A499462}"
EndProject
Global
	GlobalSection(SolutionConfigurationPlatforms) = preSolution
		Debug|Any CPU = Debug|Any CPU
		Release|Any CPU = Release|Any CPU
	EndGlobalSection
	GlobalSection(ProjectConfigurationPlatforms) = postSolution
		{1E560154-396E-470C-A9C7-F4FEF4DEAC43}.Debug|Any CPU.ActiveCfg = Debug|Any CPU
		{1E560154-396E-470C-A9C7-F4FEF4DEAC43}.Debug|Any CPU.Build.0 = Debug|Any CPU
		{1E560154-396E-470C-A9C7-F4FEF4DEAC43}.Release|Any CPU.ActiveCfg = Release|Any CPU
		{1E560154-396E-470C-A9C7-F4FEF4DEAC43}.Release|Any CPU.Build.0 = Release|Any CPU
		{39E54AA6-76A1-40F9-92C7-25FEF8143079}.Debug|Any CPU.ActiveCfg = Debug|Any CPU
		{39E54AA6-76A1-40F9-92C7-25FEF8143079}.Debug|Any CPU.Build.0 = Debug|Any CPU
		{39E54AA6-76A1-40F9-92C7-25FEF8143079}.Release|Any CPU.ActiveCfg = Release|Any CPU
		{39E54AA6-76A1-40F9-92C7-25FEF8143079}.Release|Any CPU.Build.0 = Release|Any CPU
		{FDF6AD07-9B30-4B27-9133-65C5F1D2ACCF}.Debug|Any CPU.ActiveCfg = Debug|Any CPU
		{FDF6AD07-9B30-4B27-9133-65C5F1D2ACCF}.Debug|Any CPU.Build.0 = Debug|Any CPU
		{FDF6AD07-9B30-4B27-9133-65C5F1D2ACCF}.Release|Any CPU.ActiveCfg = Release|Any CPU
		{FDF6AD07-9B30-4B27-9133-65C5F1D2ACCF}.Release|Any CPU.Build.0 = Release|Any CPU
		{F7CE0610-EF49-4D84-92BD-37FF144C631A}.Debug|Any CPU.ActiveCfg = Debug|Any CPU
		{F7CE0610-EF49-4D84-92BD-37FF144C631A}.Debug|Any CPU.Build.0 = Debug|Any CPU
		{F7CE0610-EF49-4D84-92BD-37FF144C631A}.Release|Any CPU.ActiveCfg = Release|Any CPU
		{F7CE0610-EF49-4D84-92BD-37FF144C631A}.Release|Any CPU.Build.0 = Release|Any CPU
		{4CBE9E75-D6EE-4EB2-B405-C0636A499462}.Debug|Any CPU.ActiveCfg = Debug|Any CPU
		{4CBE9E75-D6EE-4EB2-B405-C0636A499462}.Debug|Any CPU.Build.0 = Debug|Any CPU
		{4CBE9E75-D6EE-4EB2-B405-C0636A499462}.Release|Any CPU.ActiveCfg = Release|Any CPU
		{4CBE9E75-D6EE-4EB2-B405-C0636A499462}.Release|Any CPU.Build.0 = Release|Any CPU
	EndGlobalSection
	GlobalSection(SolutionProperties) = preSolution
		HideSolutionNode = FALSE
	EndGlobalSection
	GlobalSection(NestedProjects) = preSolution
		{1E560154-396E-470C-A9C7-F4FEF4DEAC43} = {5FD86B09-3B1F-45DC-9903-E58C00FB8806}
		{39E54AA6-76A1-40F9-92C7-25FEF8143079} = {3A86B070-7D95-4887-B746-3EAAF737560C}
		{FDF6AD07-9B30-4B27-9133-65C5F1D2ACCF} = {5FD86B09-3B1F-45DC-9903-E58C00FB8806}
		{F7CE0610-EF49-4D84-92BD-37FF144C631A} = {5FD86B09-3B1F-45DC-9903-E58C00FB8806}
		{4CBE9E75-D6EE-4EB2-B405-C0636A499462} = {5FD86B09-3B1F-45DC-9903-E58C00FB8806}
	EndGlobalSection
	GlobalSection(ExtensibilityGlobals) = postSolution
		SolutionGuid = {116F9055-52E8-44A4-A365-270FADC0C537}
	EndGlobalSection
EndGlobal
